// !$*UTF8*$!
{
	archiveVersion = 1;
	classes = {
	};
	objectVersion = 56;
	objects = {

/* Begin PBXBuildFile section */
		2ECAEBA22C05C9F50049BC6C /* PersonaAIApp.swift in Sources */ = {isa = PBXBuildFile; fileRef = 2ECAEBA12C05C9F50049BC6C /* PersonaAIApp.swift */; };
		2ECAEBA42C05C9F50049BC6C /* ContentView.swift in Sources */ = {isa = PBXBuildFile; fileRef = 2ECAEBA32C05C9F50049BC6C /* ContentView.swift */; };
		2ECAEBA62C05C9F70049BC6C /* Assets.xcassets in Resources */ = {isa = PBXBuildFile; fileRef = 2ECAEBA52C05C9F70049BC6C /* Assets.xcassets */; };
		2ECAEBA92C05C9F70049BC6C /* Preview Assets.xcassets in Resources */ = {isa = PBXBuildFile; fileRef = 2ECAEBA82C05C9F70049BC6C /* Preview Assets.xcassets */; };
		2ECAEBB12C05CE7D0049BC6C /* GoogleGenerativeAI in Frameworks */ = {isa = PBXBuildFile; productRef = 2ECAEBB02C05CE7D0049BC6C /* GoogleGenerativeAI */; };
		2ECAEBB42C05CEAA0049BC6C /* APIKey.swift in Sources */ = {isa = PBXBuildFile; fileRef = 2ECAEBB32C05CEAA0049BC6C /* APIKey.swift */; };
		2ECAEBB62C05CEDC0049BC6C /* GenerativeAI-Info.plist in Resources */ = {isa = PBXBuildFile; fileRef = 2ECAEBB52C05CEDC0049BC6C /* GenerativeAI-Info.plist */; };
		2ECAEBB92C05CF720049BC6C /* ChatService.swift in Sources */ = {isa = PBXBuildFile; fileRef = 2ECAEBB82C05CF720049BC6C /* ChatService.swift */; };
		2ECAEBBB2C05DAD00049BC6C /* ChatBubble.swift in Sources */ = {isa = PBXBuildFile; fileRef = 2ECAEBBA2C05DAD00049BC6C /* ChatBubble.swift */; };
		2ECAEBBD2C05DAFE0049BC6C /* ChatBubbleShape.swift in Sources */ = {isa = PBXBuildFile; fileRef = 2ECAEBBC2C05DAFE0049BC6C /* ChatBubbleShape.swift */; };
/* End PBXBuildFile section */

/* Begin PBXFileReference section */
		2ECAEB9E2C05C9F50049BC6C /* PersonaAI.app */ = {isa = PBXFileReference; explicitFileType = wrapper.application; includeInIndex = 0; path = PersonaAI.app; sourceTree = BUILT_PRODUCTS_DIR; };
		2ECAEBA12C05C9F50049BC6C /* PersonaAIApp.swift */ = {isa = PBXFileReference; lastKnownFileType = sourcecode.swift; path = PersonaAIApp.swift; sourceTree = "<group>"; };
		2ECAEBA32C05C9F50049BC6C /* ContentView.swift */ = {isa = PBXFileReference; lastKnownFileType = sourcecode.swift; path = ContentView.swift; sourceTree = "<group>"; };
		2ECAEBA52C05C9F70049BC6C /* Assets.xcassets */ = {isa = PBXFileReference; lastKnownFileType = folder.assetcatalog; path = Assets.xcassets; sourceTree = "<group>"; };
		2ECAEBA82C05C9F70049BC6C /* Preview Assets.xcassets */ = {isa = PBXFileReference; lastKnownFileType = folder.assetcatalog; path = "Preview Assets.xcassets"; sourceTree = "<group>"; };
		2ECAEBB32C05CEAA0049BC6C /* APIKey.swift */ = {isa = PBXFileReference; lastKnownFileType = sourcecode.swift; path = APIKey.swift; sourceTree = "<group>"; };
		2ECAEBB52C05CEDC0049BC6C /* GenerativeAI-Info.plist */ = {isa = PBXFileReference; fileEncoding = 4; lastKnownFileType = text.plist.xml; path = "GenerativeAI-Info.plist"; sourceTree = "<group>"; };
		2ECAEBB82C05CF720049BC6C /* ChatService.swift */ = {isa = PBXFileReference; lastKnownFileType = sourcecode.swift; path = ChatService.swift; sourceTree = "<group>"; };
		2ECAEBBA2C05DAD00049BC6C /* ChatBubble.swift */ = {isa = PBXFileReference; lastKnownFileType = sourcecode.swift; path = ChatBubble.swift; sourceTree = "<group>"; };
		2ECAEBBC2C05DAFE0049BC6C /* ChatBubbleShape.swift */ = {isa = PBXFileReference; lastKnownFileType = sourcecode.swift; path = ChatBubbleShape.swift; sourceTree = "<group>"; };
/* End PBXFileReference section */

/* Begin PBXFrameworksBuildPhase section */
		2ECAEB9B2C05C9F50049BC6C /* Frameworks */ = {
			isa = PBXFrameworksBuildPhase;
			buildActionMask = 2147483647;
			files = (
				2ECAEBB12C05CE7D0049BC6C /* GoogleGenerativeAI in Frameworks */,
			);
			runOnlyForDeploymentPostprocessing = 0;
		};
/* End PBXFrameworksBuildPhase section */

/* Begin PBXGroup section */
		2ECAEB952C05C9F50049BC6C = {
			isa = PBXGroup;
			children = (
				2ECAEBA02C05C9F50049BC6C /* PersonaAI */,
				2ECAEB9F2C05C9F50049BC6C /* Products */,
			);
			sourceTree = "<group>";
		};
		2ECAEB9F2C05C9F50049BC6C /* Products */ = {
			isa = PBXGroup;
			children = (
				2ECAEB9E2C05C9F50049BC6C /* PersonaAI.app */,
			);
			name = Products;
			sourceTree = "<group>";
		};
		2ECAEBA02C05C9F50049BC6C /* PersonaAI */ = {
			isa = PBXGroup;
			children = (
				2ECAEBA12C05C9F50049BC6C /* PersonaAIApp.swift */,
				2ECAEBB72C05CF400049BC6C /* Utils */,
				2ECAEBA32C05C9F50049BC6C /* ContentView.swift */,
				2ECAEBB22C05CE8E0049BC6C /* Config */,
				2ECAEBA52C05C9F70049BC6C /* Assets.xcassets */,
				2ECAEBA72C05C9F70049BC6C /* Preview Content */,
			);
			path = PersonaAI;
			sourceTree = "<group>";
		};
		2ECAEBA72C05C9F70049BC6C /* Preview Content */ = {
			isa = PBXGroup;
			children = (
				2ECAEBA82C05C9F70049BC6C /* Preview Assets.xcassets */,
			);
			path = "Preview Content";
			sourceTree = "<group>";
		};
		2ECAEBB22C05CE8E0049BC6C /* Config */ = {
			isa = PBXGroup;
			children = (
				2ECAEBB52C05CEDC0049BC6C /* GenerativeAI-Info.plist */,
				2ECAEBB32C05CEAA0049BC6C /* APIKey.swift */,
			);
			path = Config;
			sourceTree = "<group>";
		};
		2ECAEBB72C05CF400049BC6C /* Utils */ = {
			isa = PBXGroup;
			children = (
				2ECAEBB82C05CF720049BC6C /* ChatService.swift */,
				2ECAEBBA2C05DAD00049BC6C /* ChatBubble.swift */,
				2ECAEBBC2C05DAFE0049BC6C /* ChatBubbleShape.swift */,
			);
			path = Utils;
			sourceTree = "<group>";
		};
/* End PBXGroup section */

/* Begin PBXNativeTarget section */
		2ECAEB9D2C05C9F50049BC6C /* PersonaAI */ = {
			isa = PBXNativeTarget;
			buildConfigurationList = 2ECAEBAC2C05C9F70049BC6C /* Build configuration list for PBXNativeTarget "PersonaAI" */;
			buildPhases = (
				2ECAEB9A2C05C9F50049BC6C /* Sources */,
				2ECAEB9B2C05C9F50049BC6C /* Frameworks */,
				2ECAEB9C2C05C9F50049BC6C /* Resources */,
			);
			buildRules = (
			);
			dependencies = (
			);
			name = PersonaAI;
			packageProductDependencies = (
				2ECAEBB02C05CE7D0049BC6C /* GoogleGenerativeAI */,
			);
			productName = PersonaAI;
			productReference = 2ECAEB9E2C05C9F50049BC6C /* PersonaAI.app */;
			productType = "com.apple.product-type.application";
		};
/* End PBXNativeTarget section */

/* Begin PBXProject section */
		2ECAEB962C05C9F50049BC6C /* Project object */ = {
			isa = PBXProject;
			attributes = {
				BuildIndependentTargetsInParallel = 1;
				LastSwiftUpdateCheck = 1530;
				LastUpgradeCheck = 1530;
				TargetAttributes = {
					2ECAEB9D2C05C9F50049BC6C = {
						CreatedOnToolsVersion = 15.3;
					};
				};
			};
			buildConfigurationList = 2ECAEB992C05C9F50049BC6C /* Build configuration list for PBXProject "PersonaAI" */;
			compatibilityVersion = "Xcode 14.0";
			developmentRegion = en;
			hasScannedForEncodings = 0;
			knownRegions = (
				en,
				Base,
			);
			mainGroup = 2ECAEB952C05C9F50049BC6C;
			packageReferences = (
				2ECAEBAF2C05CE7D0049BC6C /* XCRemoteSwiftPackageReference "generative-ai-swift" */,
			);
			productRefGroup = 2ECAEB9F2C05C9F50049BC6C /* Products */;
			projectDirPath = "";
			projectRoot = "";
			targets = (
				2ECAEB9D2C05C9F50049BC6C /* PersonaAI */,
			);
		};
/* End PBXProject section */

/* Begin PBXResourcesBuildPhase section */
		2ECAEB9C2C05C9F50049BC6C /* Resources */ = {
			isa = PBXResourcesBuildPhase;
			buildActionMask = 2147483647;
			files = (
				2ECAEBA92C05C9F70049BC6C /* Preview Assets.xcassets in Resources */,
				2ECAEBA62C05C9F70049BC6C /* Assets.xcassets in Resources */,
				2ECAEBB62C05CEDC0049BC6C /* GenerativeAI-Info.plist in Resources */,
			);
			runOnlyForDeploymentPostprocessing = 0;
		};
/* End PBXResourcesBuildPhase section */

/* Begin PBXSourcesBuildPhase section */
		2ECAEB9A2C05C9F50049BC6C /* Sources */ = {
			isa = PBXSourcesBuildPhase;
			buildActionMask = 2147483647;
			files = (
				2ECAEBA42C05C9F50049BC6C /* ContentView.swift in Sources */,
				2ECAEBBD2C05DAFE0049BC6C /* ChatBubbleShape.swift in Sources */,
				2ECAEBBB2C05DAD00049BC6C /* ChatBubble.swift in Sources */,
				2ECAEBB92C05CF720049BC6C /* ChatService.swift in Sources */,
				2ECAEBB42C05CEAA0049BC6C /* APIKey.swift in Sources */,
				2ECAEBA22C05C9F50049BC6C /* PersonaAIApp.swift in Sources */,
			);
			runOnlyForDeploymentPostprocessing = 0;
		};
/* End PBXSourcesBuildPhase section */

/* Begin XCBuildConfiguration section */
		2ECAEBAA2C05C9F70049BC6C /* Debug */ = {
			isa = XCBuildConfiguration;
			buildSettings = {
				ALWAYS_SEARCH_USER_PATHS = NO;
				ASSETCATALOG_COMPILER_GENERATE_SWIFT_ASSET_SYMBOL_EXTENSIONS = YES;
				CLANG_ANALYZER_NONNULL = YES;
				CLANG_ANALYZER_NUMBER_OBJECT_CONVERSION = YES_AGGRESSIVE;
				CLANG_CXX_LANGUAGE_STANDARD = "gnu++20";
				CLANG_ENABLE_MODULES = YES;
				CLANG_ENABLE_OBJC_ARC = YES;
				CLANG_ENABLE_OBJC_WEAK = YES;
				CLANG_WARN_BLOCK_CAPTURE_AUTORELEASING = YES;
				CLANG_WARN_BOOL_CONVERSION = YES;
				CLANG_WARN_COMMA = YES;
				CLANG_WARN_CONSTANT_CONVERSION = YES;
				CLANG_WARN_DEPRECATED_OBJC_IMPLEMENTATIONS = YES;
				CLANG_WARN_DIRECT_OBJC_ISA_USAGE = YES_ERROR;
				CLANG_WARN_DOCUMENTATION_COMMENTS = YES;
				CLANG_WARN_EMPTY_BODY = YES;
				CLANG_WARN_ENUM_CONVERSION = YES;
				CLANG_WARN_INFINITE_RECURSION = YES;
				CLANG_WARN_INT_CONVERSION = YES;
				CLANG_WARN_NON_LITERAL_NULL_CONVERSION = YES;
				CLANG_WARN_OBJC_IMPLICIT_RETAIN_SELF = YES;
				CLANG_WARN_OBJC_LITERAL_CONVERSION = YES;
				CLANG_WARN_OBJC_ROOT_CLASS = YES_ERROR;
				CLANG_WARN_QUOTED_INCLUDE_IN_FRAMEWORK_HEADER = YES;
				CLANG_WARN_RANGE_LOOP_ANALYSIS = YES;
				CLANG_WARN_STRICT_PROTOTYPES = YES;
				CLANG_WARN_SUSPICIOUS_MOVE = YES;
				CLANG_WARN_UNGUARDED_AVAILABILITY = YES_AGGRESSIVE;
				CLANG_WARN_UNREACHABLE_CODE = YES;
				CLANG_WARN__DUPLICATE_METHOD_MATCH = YES;
				COPY_PHASE_STRIP = NO;
				DEBUG_INFORMATION_FORMAT = dwarf;
				ENABLE_STRICT_OBJC_MSGSEND = YES;
				ENABLE_TESTABILITY = YES;
				ENABLE_USER_SCRIPT_SANDBOXING = YES;
				GCC_C_LANGUAGE_STANDARD = gnu17;
				GCC_DYNAMIC_NO_PIC = NO;
				GCC_NO_COMMON_BLOCKS = YES;
				GCC_OPTIMIZATION_LEVEL = 0;
				GCC_PREPROCESSOR_DEFINITIONS = (
					"DEBUG=1",
					"$(inherited)",
				);
				GCC_WARN_64_TO_32_BIT_CONVERSION = YES;
				GCC_WARN_ABOUT_RETURN_TYPE = YES_ERROR;
				GCC_WARN_UNDECLARED_SELECTOR = YES;
				GCC_WARN_UNINITIALIZED_AUTOS = YES_AGGRESSIVE;
				GCC_WARN_UNUSED_FUNCTION = YES;
				GCC_WARN_UNUSED_VARIABLE = YES;
				IPHONEOS_DEPLOYMENT_TARGET = 17.4;
				LOCALIZATION_PREFERS_STRING_CATALOGS = YES;
				MTL_ENABLE_DEBUG_INFO = INCLUDE_SOURCE;
				MTL_FAST_MATH = YES;
				ONLY_ACTIVE_ARCH = YES;
				SDKROOT = iphoneos;
				SWIFT_ACTIVE_COMPILATION_CONDITIONS = "DEBUG $(inherited)";
				SWIFT_OPTIMIZATION_LEVEL = "-Onone";
			};
			name = Debug;
		};
		2ECAEBAB2C05C9F70049BC6C /* Release */ = {
			isa = XCBuildConfiguration;
			buildSettings = {
				ALWAYS_SEARCH_USER_PATHS = NO;
				ASSETCATALOG_COMPILER_GENERATE_SWIFT_ASSET_SYMBOL_EXTENSIONS = YES;
				CLANG_ANALYZER_NONNULL = YES;
				CLANG_ANALYZER_NUMBER_OBJECT_CONVERSION = YES_AGGRESSIVE;
				CLANG_CXX_LANGUAGE_STANDARD = "gnu++20";
				CLANG_ENABLE_MODULES = YES;
				CLANG_ENABLE_OBJC_ARC = YES;
				CLANG_ENABLE_OBJC_WEAK = YES;
				CLANG_WARN_BLOCK_CAPTURE_AUTORELEASING = YES;
				CLANG_WARN_BOOL_CONVERSION = YES;
				CLANG_WARN_COMMA = YES;
				CLANG_WARN_CONSTANT_CONVERSION = YES;
				CLANG_WARN_DEPRECATED_OBJC_IMPLEMENTATIONS = YES;
				CLANG_WARN_DIRECT_OBJC_ISA_USAGE = YES_ERROR;
				CLANG_WARN_DOCUMENTATION_COMMENTS = YES;
				CLANG_WARN_EMPTY_BODY = YES;
				CLANG_WARN_ENUM_CONVERSION = YES;
				CLANG_WARN_INFINITE_RECURSION = YES;
				CLANG_WARN_INT_CONVERSION = YES;
				CLANG_WARN_NON_LITERAL_NULL_CONVERSION = YES;
				CLANG_WARN_OBJC_IMPLICIT_RETAIN_SELF = YES;
				CLANG_WARN_OBJC_LITERAL_CONVERSION = YES;
				CLANG_WARN_OBJC_ROOT_CLASS = YES_ERROR;
				CLANG_WARN_QUOTED_INCLUDE_IN_FRAMEWORK_HEADER = YES;
				CLANG_WARN_RANGE_LOOP_ANALYSIS = YES;
				CLANG_WARN_STRICT_PROTOTYPES = YES;
				CLANG_WARN_SUSPICIOUS_MOVE = YES;
				CLANG_WARN_UNGUARDED_AVAILABILITY = YES_AGGRESSIVE;
				CLANG_WARN_UNREACHABLE_CODE = YES;
				CLANG_WARN__DUPLICATE_METHOD_MATCH = YES;
				COPY_PHASE_STRIP = NO;
				DEBUG_INFORMATION_FORMAT = "dwarf-with-dsym";
				ENABLE_NS_ASSERTIONS = NO;
				ENABLE_STRICT_OBJC_MSGSEND = YES;
				ENABLE_USER_SCRIPT_SANDBOXING = YES;
				GCC_C_LANGUAGE_STANDARD = gnu17;
				GCC_NO_COMMON_BLOCKS = YES;
				GCC_WARN_64_TO_32_BIT_CONVERSION = YES;
				GCC_WARN_ABOUT_RETURN_TYPE = YES_ERROR;
				GCC_WARN_UNDECLARED_SELECTOR = YES;
				GCC_WARN_UNINITIALIZED_AUTOS = YES_AGGRESSIVE;
				GCC_WARN_UNUSED_FUNCTION = YES;
				GCC_WARN_UNUSED_VARIABLE = YES;
				IPHONEOS_DEPLOYMENT_TARGET = 17.4;
				LOCALIZATION_PREFERS_STRING_CATALOGS = YES;
				MTL_ENABLE_DEBUG_INFO = NO;
				MTL_FAST_MATH = YES;
				SDKROOT = iphoneos;
				SWIFT_COMPILATION_MODE = wholemodule;
				VALIDATE_PRODUCT = YES;
			};
			name = Release;
		};
		2ECAEBAD2C05C9F70049BC6C /* Debug */ = {
			isa = XCBuildConfiguration;
			buildSettings = {
				ASSETCATALOG_COMPILER_APPICON_NAME = AppIcon;
				ASSETCATALOG_COMPILER_GLOBAL_ACCENT_COLOR_NAME = AccentColor;
				CODE_SIGN_STYLE = Automatic;
				CURRENT_PROJECT_VERSION = 1;
				DEVELOPMENT_ASSET_PATHS = "\"PersonaAI/Preview Content\"";
				DEVELOPMENT_TEAM = C59QF2W8P6;
				ENABLE_PREVIEWS = YES;
				GENERATE_INFOPLIST_FILE = YES;
				INFOPLIST_KEY_UIApplicationSceneManifest_Generation = YES;
				INFOPLIST_KEY_UIApplicationSupportsIndirectInputEvents = YES;
				INFOPLIST_KEY_UILaunchScreen_Generation = YES;
				INFOPLIST_KEY_UISupportedInterfaceOrientations_iPad = "UIInterfaceOrientationPortrait UIInterfaceOrientationPortraitUpsideDown UIInterfaceOrientationLandscapeLeft UIInterfaceOrientationLandscapeRight";
				INFOPLIST_KEY_UISupportedInterfaceOrientations_iPhone = "UIInterfaceOrientationPortrait UIInterfaceOrientationLandscapeLeft UIInterfaceOrientationLandscapeRight";
				LD_RUNPATH_SEARCH_PATHS = (
					"$(inherited)",
					"@executable_path/Frameworks",
				);
				MARKETING_VERSION = 1.0;
				PRODUCT_BUNDLE_IDENTIFIER = CalDev.PersonaAI;
				PRODUCT_NAME = "$(TARGET_NAME)";
				SWIFT_EMIT_LOC_STRINGS = YES;
				SWIFT_VERSION = 5.0;
				TARGETED_DEVICE_FAMILY = "1,2";
			};
			name = Debug;
		};
		2ECAEBAE2C05C9F70049BC6C /* Release */ = {
			isa = XCBuildConfiguration;
			buildSettings = {
				ASSETCATALOG_COMPILER_APPICON_NAME = AppIcon;
				ASSETCATALOG_COMPILER_GLOBAL_ACCENT_COLOR_NAME = AccentColor;
				CODE_SIGN_STYLE = Automatic;
				CURRENT_PROJECT_VERSION = 1;
				DEVELOPMENT_ASSET_PATHS = "\"PersonaAI/Preview Content\"";
				DEVELOPMENT_TEAM = C59QF2W8P6;
				ENABLE_PREVIEWS = YES;
				GENERATE_INFOPLIST_FILE = YES;
				INFOPLIST_KEY_UIApplicationSceneManifest_Generation = YES;
				INFOPLIST_KEY_UIApplicationSupportsIndirectInputEvents = YES;
				INFOPLIST_KEY_UILaunchScreen_Generation = YES;
				INFOPLIST_KEY_UISupportedInterfaceOrientations_iPad = "UIInterfaceOrientationPortrait UIInterfaceOrientationPortraitUpsideDown UIInterfaceOrientationLandscapeLeft UIInterfaceOrientationLandscapeRight";
				INFOPLIST_KEY_UISupportedInterfaceOrientations_iPhone = "UIInterfaceOrientationPortrait UIInterfaceOrientationLandscapeLeft UIInterfaceOrientationLandscapeRight";
				LD_RUNPATH_SEARCH_PATHS = (
					"$(inherited)",
					"@executable_path/Frameworks",
				);
				MARKETING_VERSION = 1.0;
				PRODUCT_BUNDLE_IDENTIFIER = CalDev.PersonaAI;
				PRODUCT_NAME = "$(TARGET_NAME)";
				SWIFT_EMIT_LOC_STRINGS = YES;
				SWIFT_VERSION = 5.0;
				TARGETED_DEVICE_FAMILY = "1,2";
			};
			name = Release;
		};
/* End XCBuildConfiguration section */

/* Begin XCConfigurationList section */
		2ECAEB992C05C9F50049BC6C /* Build configuration list for PBXProject "PersonaAI" */ = {
			isa = XCConfigurationList;
			buildConfigurations = (
				2ECAEBAA2C05C9F70049BC6C /* Debug */,
				2ECAEBAB2C05C9F70049BC6C /* Release */,
			);
			defaultConfigurationIsVisible = 0;
			defaultConfigurationName = Release;
		};
		2ECAEBAC2C05C9F70049BC6C /* Build configuration list for PBXNativeTarget "PersonaAI" */ = {
			isa = XCConfigurationList;
			buildConfigurations = (
				2ECAEBAD2C05C9F70049BC6C /* Debug */,
				2ECAEBAE2C05C9F70049BC6C /* Release */,
			);
			defaultConfigurationIsVisible = 0;
			defaultConfigurationName = Release;
		};
/* End XCConfigurationList section */

/* Begin XCRemoteSwiftPackageReference section */
		2ECAEBAF2C05CE7D0049BC6C /* XCRemoteSwiftPackageReference "generative-ai-swift" */ = {
			isa = XCRemoteSwiftPackageReference;
			repositoryURL = "https://github.com/google/generative-ai-swift";
			requirement = {
				kind = upToNextMajorVersion;
				minimumVersion = 0.5.3;
			};
		};
/* End XCRemoteSwiftPackageReference section */

/* Begin XCSwiftPackageProductDependency section */
		2ECAEBB02C05CE7D0049BC6C /* GoogleGenerativeAI */ = {
			isa = XCSwiftPackageProductDependency;
			package = 2ECAEBAF2C05CE7D0049BC6C /* XCRemoteSwiftPackageReference "generative-ai-swift" */;
			productName = GoogleGenerativeAI;
		};
/* End XCSwiftPackageProductDependency section */
	};
	rootObject = 2ECAEB962C05C9F50049BC6C /* Project object */;
}
